// !$*UTF8*$!
{
	archiveVersion = 1;
	classes = {
	};
	objectVersion = 77;
	objects = {

/* Begin PBXBuildFile section */
		151979DF0BDD153ED5B2141D /* PostureMonitor.swift in Sources */ = {isa = PBXBuildFile; fileRef = EFE3D33C6D99951D5F1BDE88 /* PostureMonitor.swift */; };
		BCE563F6D00C02DFDF372914 /* PostureCoachApp.swift in Sources */ = {isa = PBXBuildFile; fileRef = 4AAF05A173A5E0979AF6DD8E /* PostureCoachApp.swift */; };
		C3B62DE6CC5646198B2C1608 /* MotionManager.swift in Sources */ = {isa = PBXBuildFile; fileRef = 0BB574B6E5D667E57213DDBA /* MotionManager.swift */; };
		D4AF860C389CCDDAF2EBFEF3 /* PostureView.swift in Sources */ = {isa = PBXBuildFile; fileRef = 8DAEBC340F95140A9C734D88 /* PostureView.swift */; };
/* End PBXBuildFile section */

/* Begin PBXFileReference section */
		0BB574B6E5D667E57213DDBA /* MotionManager.swift */ = {isa = PBXFileReference; lastKnownFileType = sourcecode.swift; path = MotionManager.swift; sourceTree = "<group>"; };
		4AAF05A173A5E0979AF6DD8E /* PostureCoachApp.swift */ = {isa = PBXFileReference; lastKnownFileType = sourcecode.swift; path = PostureCoachApp.swift; sourceTree = "<group>"; };
		53883FFC0E24765B55D48387 /* Info.plist */ = {isa = PBXFileReference; lastKnownFileType = text.plist; path = Info.plist; sourceTree = "<group>"; };
		623C39E999BF5F89EA5AF16B /* PostureCoach.app */ = {isa = PBXFileReference; explicitFileType = wrapper.application; includeInIndex = 0; path = PostureCoach.app; sourceTree = BUILT_PRODUCTS_DIR; };
		8DAEBC340F95140A9C734D88 /* PostureView.swift */ = {isa = PBXFileReference; lastKnownFileType = sourcecode.swift; path = PostureView.swift; sourceTree = "<group>"; };
		EFE3D33C6D99951D5F1BDE88 /* PostureMonitor.swift */ = {isa = PBXFileReference; lastKnownFileType = sourcecode.swift; path = PostureMonitor.swift; sourceTree = "<group>"; };
/* End PBXFileReference section */

/* Begin PBXGroup section */
		0FD22CF0A0E48632F3E26476 /* PostureCoach */ = {
			isa = PBXGroup;
			children = (
				53883FFC0E24765B55D48387 /* Info.plist */,
				0BB574B6E5D667E57213DDBA /* MotionManager.swift */,
				4AAF05A173A5E0979AF6DD8E /* PostureCoachApp.swift */,
				EFE3D33C6D99951D5F1BDE88 /* PostureMonitor.swift */,
				8DAEBC340F95140A9C734D88 /* PostureView.swift */,
			);
			path = PostureCoach;
			sourceTree = "<group>";
		};
		161248326B6A4EA848ACE27A /* Products */ = {
			isa = PBXGroup;
			children = (
				623C39E999BF5F89EA5AF16B /* PostureCoach.app */,
			);
			name = Products;
			sourceTree = "<group>";
		};
		2FDEB30E0F0A04719D4EBF3D = {
			isa = PBXGroup;
			children = (
				0FD22CF0A0E48632F3E26476 /* PostureCoach */,
				161248326B6A4EA848ACE27A /* Products */,
			);
			sourceTree = "<group>";
		};
/* End PBXGroup section */

/* Begin PBXNativeTarget section */
		F473B753C44A317C940B15A3 /* PostureCoach */ = {
			isa = PBXNativeTarget;
			buildConfigurationList = BAFE32E74DC893C52222B6D4 /* Build configuration list for PBXNativeTarget "PostureCoach" */;
			buildPhases = (
				CCEEEE5DD9761F387D733771 /* Sources */,
			);
			buildRules = (
			);
			dependencies = (
			);
			name = PostureCoach;
			packageProductDependencies = (
			);
			productName = PostureCoach;
			productReference = 623C39E999BF5F89EA5AF16B /* PostureCoach.app */;
			productType = "com.apple.product-type.application";
		};
/* End PBXNativeTarget section */

/* Begin PBXProject section */
		82F10AEB00631F988CEDE045 /* Project object */ = {
			isa = PBXProject;
			attributes = {
				BuildIndependentTargetsInParallel = YES;
				LastUpgradeCheck = 1430;
				TargetAttributes = {
					F473B753C44A317C940B15A3 = {
						ProvisioningStyle = Automatic;
					};
				};
			};
			buildConfigurationList = CF4B587F026949601F86B903 /* Build configuration list for PBXProject "PostureCoach" */;
			developmentRegion = en;
			hasScannedForEncodings = 0;
			knownRegions = (
				Base,
				en,
			);
			mainGroup = 2FDEB30E0F0A04719D4EBF3D;
			minimizedProjectReferenceProxies = 1;
			preferredProjectObjectVersion = 77;
			productRefGroup = 161248326B6A4EA848ACE27A /* Products */;
			projectDirPath = "";
			projectRoot = "";
			targets = (
				F473B753C44A317C940B15A3 /* PostureCoach */,
			);
		};
/* End PBXProject section */

/* Begin PBXSourcesBuildPhase section */
		CCEEEE5DD9761F387D733771 /* Sources */ = {
			isa = PBXSourcesBuildPhase;
			buildActionMask = 2147483647;
			files = (
				C3B62DE6CC5646198B2C1608 /* MotionManager.swift in Sources */,
				BCE563F6D00C02DFDF372914 /* PostureCoachApp.swift in Sources */,
				151979DF0BDD153ED5B2141D /* PostureMonitor.swift in Sources */,
				D4AF860C389CCDDAF2EBFEF3 /* PostureView.swift in Sources */,
			);
			runOnlyForDeploymentPostprocessing = 0;
		};
/* End PBXSourcesBuildPhase section */

/* Begin XCBuildConfiguration section */
		2BDBF95217A5EF75CF39E3EC /* Debug */ = {
			isa = XCBuildConfiguration;
			buildSettings = {
				ALWAYS_SEARCH_USER_PATHS = NO;
				CLANG_ANALYZER_NONNULL = YES;
				CLANG_ANALYZER_NUMBER_OBJECT_CONVERSION = YES_AGGRESSIVE;
				CLANG_CXX_LANGUAGE_STANDARD = "gnu++14";
				CLANG_CXX_LIBRARY = "libc++";
				CLANG_ENABLE_MODULES = YES;
				CLANG_ENABLE_OBJC_ARC = YES;
				CLANG_ENABLE_OBJC_WEAK = YES;
				CLANG_WARN_BLOCK_CAPTURE_AUTORELEASING = YES;
				CLANG_WARN_BOOL_CONVERSION = YES;
				CLANG_WARN_COMMA = YES;
				CLANG_WARN_CONSTANT_CONVERSION = YES;
				CLANG_WARN_DEPRECATED_OBJC_IMPLEMENTATIONS = YES;
				CLANG_WARN_DIRECT_OBJC_ISA_USAGE = YES_ERROR;
				CLANG_WARN_DOCUMENTATION_COMMENTS = YES;
				CLANG_WARN_EMPTY_BODY = YES;
				CLANG_WARN_ENUM_CONVERSION = YES;
				CLANG_WARN_INFINITE_RECURSION = YES;
				CLANG_WARN_INT_CONVERSION = YES;
				CLANG_WARN_NON_LITERAL_NULL_CONVERSION = YES;
				CLANG_WARN_OBJC_IMPLICIT_RETAIN_SELF = YES;
				CLANG_WARN_OBJC_LITERAL_CONVERSION = YES;
				CLANG_WARN_OBJC_ROOT_CLASS = YES_ERROR;
				CLANG_WARN_QUOTED_INCLUDE_IN_FRAMEWORK_HEADER = YES;
				CLANG_WARN_RANGE_LOOP_ANALYSIS = YES;
				CLANG_WARN_STRICT_PROTOTYPES = YES;
				CLANG_WARN_SUSPICIOUS_MOVE = YES;
				CLANG_WARN_UNGUARDED_AVAILABILITY = YES_AGGRESSIVE;
				CLANG_WARN_UNREACHABLE_CODE = YES;
				CLANG_WARN__DUPLICATE_METHOD_MATCH = YES;
				COPY_PHASE_STRIP = NO;
				DEBUG_INFORMATION_FORMAT = dwarf;
				ENABLE_STRICT_OBJC_MSGSEND = YES;
				ENABLE_TESTABILITY = YES;
				GCC_C_LANGUAGE_STANDARD = gnu11;
				GCC_DYNAMIC_NO_PIC = NO;
				GCC_NO_COMMON_BLOCKS = YES;
				GCC_OPTIMIZATION_LEVEL = 0;
				GCC_PREPROCESSOR_DEFINITIONS = (
					"$(inherited)",
					"DEBUG=1",
				);
				GCC_WARN_64_TO_32_BIT_CONVERSION = YES;
				GCC_WARN_ABOUT_RETURN_TYPE = YES_ERROR;
				GCC_WARN_UNDECLARED_SELECTOR = YES;
				GCC_WARN_UNINITIALIZED_AUTOS = YES_AGGRESSIVE;
				GCC_WARN_UNUSED_FUNCTION = YES;
				GCC_WARN_UNUSED_VARIABLE = YES;
				MACOSX_DEPLOYMENT_TARGET = 14.0;
				MTL_ENABLE_DEBUG_INFO = INCLUDE_SOURCE;
				MTL_FAST_MATH = YES;
				ONLY_ACTIVE_ARCH = YES;
				PRODUCT_NAME = "$(TARGET_NAME)";
				SDKROOT = macosx;
				SWIFT_ACTIVE_COMPILATION_CONDITIONS = DEBUG;
				SWIFT_OPTIMIZATION_LEVEL = "-Onone";
				SWIFT_VERSION = 5.0;
			};
			name = Debug;
		};
		50936C52FBB378663668AAF2 /* Release */ = {
			isa = XCBuildConfiguration;
			buildSettings = {
				ASSETCATALOG_COMPILER_APPICON_NAME = AppIcon;
				CODE_SIGN_IDENTITY = "-";
				CODE_SIGN_STYLE = Automatic;
				COMBINE_HIDPI_IMAGES = YES;
				ENABLE_HARDENED_RUNTIME = NO;
				GENERATE_INFOPLIST_FILE = NO;
				INFOPLIST_FILE = PostureCoach/Info.plist;
				LD_RUNPATH_SEARCH_PATHS = (
					"$(inherited)",
					"@executable_path/../Frameworks",
				);
				PRODUCT_BUNDLE_IDENTIFIER = com.pratikaman.PostureCoach;
				SDKROOT = macosx;
				SWIFT_VERSION = 5.0;
			};
			name = Release;
		};
		AD455B431AE59FC0CC5AF6D3 /* Debug */ = {
			isa = XCBuildConfiguration;
			buildSettings = {
				ASSETCATALOG_COMPILER_APPICON_NAME = AppIcon;
				CODE_SIGN_IDENTITY = "-";
				CODE_SIGN_STYLE = Automatic;
				COMBINE_HIDPI_IMAGES = YES;
				ENABLE_HARDENED_RUNTIME = NO;
				GENERATE_INFOPLIST_FILE = NO;
				INFOPLIST_FILE = PostureCoach/Info.plist;
				LD_RUNPATH_SEARCH_PATHS = (
					"$(inherited)",
					"@executable_path/../Frameworks",
				);
				PRODUCT_BUNDLE_IDENTIFIER = com.pratikaman.PostureCoach;
				SDKROOT = macosx;
				SWIFT_VERSION = 5.0;
			};
			name = Debug;
		};
		E062D4424DEB8E8FEB9F2921 /* Release */ = {
			isa = XCBuildConfiguration;
			buildSettings = {
				ALWAYS_SEARCH_USER_PATHS = NO;
				CLANG_ANALYZER_NONNULL = YES;
				CLANG_ANALYZER_NUMBER_OBJECT_CONVERSION = YES_AGGRESSIVE;
				CLANG_CXX_LANGUAGE_STANDARD = "gnu++14";
				CLANG_CXX_LIBRARY = "libc++";
				CLANG_ENABLE_MODULES = YES;
				CLANG_ENABLE_OBJC_ARC = YES;
				CLANG_ENABLE_OBJC_WEAK = YES;
				CLANG_WARN_BLOCK_CAPTURE_AUTORELEASING = YES;
				CLANG_WARN_BOOL_CONVERSION = YES;
				CLANG_WARN_COMMA = YES;
				CLANG_WARN_CONSTANT_CONVERSION = YES;
				CLANG_WARN_DEPRECATED_OBJC_IMPLEMENTATIONS = YES;
				CLANG_WARN_DIRECT_OBJC_ISA_USAGE = YES_ERROR;
				CLANG_WARN_DOCUMENTATION_COMMENTS = YES;
				CLANG_WARN_EMPTY_BODY = YES;
				CLANG_WARN_ENUM_CONVERSION = YES;
				CLANG_WARN_INFINITE_RECURSION = YES;
				CLANG_WARN_INT_CONVERSION = YES;
				CLANG_WARN_NON_LITERAL_NULL_CONVERSION = YES;
				CLANG_WARN_OBJC_IMPLICIT_RETAIN_SELF = YES;
				CLANG_WARN_OBJC_LITERAL_CONVERSION = YES;
				CLANG_WARN_OBJC_ROOT_CLASS = YES_ERROR;
				CLANG_WARN_QUOTED_INCLUDE_IN_FRAMEWORK_HEADER = YES;
				CLANG_WARN_RANGE_LOOP_ANALYSIS = YES;
				CLANG_WARN_STRICT_PROTOTYPES = YES;
				CLANG_WARN_SUSPICIOUS_MOVE = YES;
				CLANG_WARN_UNGUARDED_AVAILABILITY = YES_AGGRESSIVE;
				CLANG_WARN_UNREACHABLE_CODE = YES;
				CLANG_WARN__DUPLICATE_METHOD_MATCH = YES;
				COPY_PHASE_STRIP = NO;
				DEBUG_INFORMATION_FORMAT = "dwarf-with-dsym";
				ENABLE_NS_ASSERTIONS = NO;
				ENABLE_STRICT_OBJC_MSGSEND = YES;
				GCC_C_LANGUAGE_STANDARD = gnu11;
				GCC_NO_COMMON_BLOCKS = YES;
				GCC_WARN_64_TO_32_BIT_CONVERSION = YES;
				GCC_WARN_ABOUT_RETURN_TYPE = YES_ERROR;
				GCC_WARN_UNDECLARED_SELECTOR = YES;
				GCC_WARN_UNINITIALIZED_AUTOS = YES_AGGRESSIVE;
				GCC_WARN_UNUSED_FUNCTION = YES;
				GCC_WARN_UNUSED_VARIABLE = YES;
				MACOSX_DEPLOYMENT_TARGET = 14.0;
				MTL_ENABLE_DEBUG_INFO = NO;
				MTL_FAST_MATH = YES;
				PRODUCT_NAME = "$(TARGET_NAME)";
				SDKROOT = macosx;
				SWIFT_COMPILATION_MODE = wholemodule;
				SWIFT_OPTIMIZATION_LEVEL = "-O";
				SWIFT_VERSION = 5.0;
			};
			name = Release;
		};
/* End XCBuildConfiguration section */

/* Begin XCConfigurationList section */
		BAFE32E74DC893C52222B6D4 /* Build configuration list for PBXNativeTarget "PostureCoach" */ = {
			isa = XCConfigurationList;
			buildConfigurations = (
				AD455B431AE59FC0CC5AF6D3 /* Debug */,
				50936C52FBB378663668AAF2 /* Release */,
			);
			defaultConfigurationIsVisible = 0;
			defaultConfigurationName = Debug;
		};
		CF4B587F026949601F86B903 /* Build configuration list for PBXProject "PostureCoach" */ = {
			isa = XCConfigurationList;
			buildConfigurations = (
				2BDBF95217A5EF75CF39E3EC /* Debug */,
				E062D4424DEB8E8FEB9F2921 /* Release */,
			);
			defaultConfigurationIsVisible = 0;
			defaultConfigurationName = Debug;
		};
/* End XCConfigurationList section */
	};
	rootObject = 82F10AEB00631F988CEDE045 /* Project object */;
}
