// !$*UTF8*$!
{
	archiveVersion = 1;
	classes = {
	};
	objectVersion = 77;
	objects = {

/* Begin PBXBuildFile section */
		2E1B02F6B6CAD44D17C43DC0 /* PostureMaloneApp.swift in Sources */ = {isa = PBXBuildFile; fileRef = E9B458E35371A42F0107CE77 /* PostureMaloneApp.swift */; };
		72CD6085F2AF180398145783 /* MotionManager.swift in Sources */ = {isa = PBXBuildFile; fileRef = 73A0B946CEC432177E143845 /* MotionManager.swift */; };
		75C3EA4B1A5532C1824EED13 /* PostureMonitor.swift in Sources */ = {isa = PBXBuildFile; fileRef = 54EC0A790AE99273F186F2E5 /* PostureMonitor.swift */; };
		89C5A2E8D44766505942EB29 /* AppIcon.icns in Resources */ = {isa = PBXBuildFile; fileRef = 087857637DFE7F5BC77C0759 /* AppIcon.icns */; };
		AFBFFBE8EC47DADE4B0A5209 /* PostureView.swift in Sources */ = {isa = PBXBuildFile; fileRef = 292D2570A5D576E1C137397C /* PostureView.swift */; };
/* End PBXBuildFile section */

/* Begin PBXFileReference section */
		087857637DFE7F5BC77C0759 /* AppIcon.icns */ = {isa = PBXFileReference; lastKnownFileType = image.icns; path = AppIcon.icns; sourceTree = "<group>"; };
		292D2570A5D576E1C137397C /* PostureView.swift */ = {isa = PBXFileReference; lastKnownFileType = sourcecode.swift; path = PostureView.swift; sourceTree = "<group>"; };
		54EC0A790AE99273F186F2E5 /* PostureMonitor.swift */ = {isa = PBXFileReference; lastKnownFileType = sourcecode.swift; path = PostureMonitor.swift; sourceTree = "<group>"; };
		73A0B946CEC432177E143845 /* MotionManager.swift */ = {isa = PBXFileReference; lastKnownFileType = sourcecode.swift; path = MotionManager.swift; sourceTree = "<group>"; };
		95036010575BEEBE38096E06 /* PostureMalone.app */ = {isa = PBXFileReference; explicitFileType = wrapper.application; includeInIndex = 0; path = PostureMalone.app; sourceTree = BUILT_PRODUCTS_DIR; };
		E922DD730A99A4AC8246607E /* Info.plist */ = {isa = PBXFileReference; lastKnownFileType = text.plist; path = Info.plist; sourceTree = "<group>"; };
		E9B458E35371A42F0107CE77 /* PostureMaloneApp.swift */ = {isa = PBXFileReference; lastKnownFileType = sourcecode.swift; path = PostureMaloneApp.swift; sourceTree = "<group>"; };
/* End PBXFileReference section */

/* Begin PBXGroup section */
		4ABB83D4DE0D7BA904B86ABD = {
			isa = PBXGroup;
			children = (
				A7614B884E82013F8B60EBD8 /* PostureMalone */,
				8C542043C7D6DBC49BECD659 /* Products */,
			);
			sourceTree = "<group>";
		};
		8C542043C7D6DBC49BECD659 /* Products */ = {
			isa = PBXGroup;
			children = (
				95036010575BEEBE38096E06 /* PostureMalone.app */,
			);
			name = Products;
			sourceTree = "<group>";
		};
		A7614B884E82013F8B60EBD8 /* PostureMalone */ = {
			isa = PBXGroup;
			children = (
				087857637DFE7F5BC77C0759 /* AppIcon.icns */,
				E922DD730A99A4AC8246607E /* Info.plist */,
				73A0B946CEC432177E143845 /* MotionManager.swift */,
				E9B458E35371A42F0107CE77 /* PostureMaloneApp.swift */,
				54EC0A790AE99273F186F2E5 /* PostureMonitor.swift */,
				292D2570A5D576E1C137397C /* PostureView.swift */,
			);
			path = PostureMalone;
			sourceTree = "<group>";
		};
/* End PBXGroup section */

/* Begin PBXNativeTarget section */
		7F159C350B4011577B169873 /* PostureMalone */ = {
			isa = PBXNativeTarget;
			buildConfigurationList = 14B3A9E46E14EB163DF3645E /* Build configuration list for PBXNativeTarget "PostureMalone" */;
			buildPhases = (
				BE2D7C6473A4CD9065738407 /* Sources */,
				A715B96E9DF64458472AAC8F /* Resources */,
			);
			buildRules = (
			);
			dependencies = (
			);
			name = PostureMalone;
			packageProductDependencies = (
			);
			productName = PostureMalone;
			productReference = 95036010575BEEBE38096E06 /* PostureMalone.app */;
			productType = "com.apple.product-type.application";
		};
/* End PBXNativeTarget section */

/* Begin PBXProject section */
		FF633C83D97EB98C102AC7A2 /* Project object */ = {
			isa = PBXProject;
			attributes = {
				BuildIndependentTargetsInParallel = YES;
				LastUpgradeCheck = 1430;
				TargetAttributes = {
					7F159C350B4011577B169873 = {
						ProvisioningStyle = Automatic;
					};
				};
			};
			buildConfigurationList = F41F74706D2037B1E01DFAF2 /* Build configuration list for PBXProject "PostureMalone" */;
			developmentRegion = en;
			hasScannedForEncodings = 0;
			knownRegions = (
				Base,
				en,
			);
			mainGroup = 4ABB83D4DE0D7BA904B86ABD;
			minimizedProjectReferenceProxies = 1;
			preferredProjectObjectVersion = 77;
			productRefGroup = 8C542043C7D6DBC49BECD659 /* Products */;
			projectDirPath = "";
			projectRoot = "";
			targets = (
				7F159C350B4011577B169873 /* PostureMalone */,
			);
		};
/* End PBXProject section */

/* Begin PBXResourcesBuildPhase section */
		A715B96E9DF64458472AAC8F /* Resources */ = {
			isa = PBXResourcesBuildPhase;
			buildActionMask = 2147483647;
			files = (
				89C5A2E8D44766505942EB29 /* AppIcon.icns in Resources */,
			);
			runOnlyForDeploymentPostprocessing = 0;
		};
/* End PBXResourcesBuildPhase section */

/* Begin PBXSourcesBuildPhase section */
		BE2D7C6473A4CD9065738407 /* Sources */ = {
			isa = PBXSourcesBuildPhase;
			buildActionMask = 2147483647;
			files = (
				72CD6085F2AF180398145783 /* MotionManager.swift in Sources */,
				2E1B02F6B6CAD44D17C43DC0 /* PostureMaloneApp.swift in Sources */,
				75C3EA4B1A5532C1824EED13 /* PostureMonitor.swift in Sources */,
				AFBFFBE8EC47DADE4B0A5209 /* PostureView.swift in Sources */,
			);
			runOnlyForDeploymentPostprocessing = 0;
		};
/* End PBXSourcesBuildPhase section */

/* Begin XCBuildConfiguration section */
		09EA0010460E3735E0693966 /* Release */ = {
			isa = XCBuildConfiguration;
			buildSettings = {
				ASSETCATALOG_COMPILER_APPICON_NAME = AppIcon;
				CODE_SIGN_IDENTITY = "-";
				CODE_SIGN_STYLE = Automatic;
				COMBINE_HIDPI_IMAGES = YES;
				ENABLE_HARDENED_RUNTIME = NO;
				GENERATE_INFOPLIST_FILE = NO;
				INFOPLIST_FILE = PostureMalone/Info.plist;
				LD_RUNPATH_SEARCH_PATHS = (
					"$(inherited)",
					"@executable_path/../Frameworks",
				);
				PRODUCT_BUNDLE_IDENTIFIER = com.pratikaman.PostureMalone;
				PRODUCT_NAME = "Posture Malone";
				SDKROOT = macosx;
				SWIFT_VERSION = 5.0;
			};
			name = Release;
		};
		59ADF35242985E3839DDA76A /* Debug */ = {
			isa = XCBuildConfiguration;
			buildSettings = {
				ALWAYS_SEARCH_USER_PATHS = NO;
				CLANG_ANALYZER_NONNULL = YES;
				CLANG_ANALYZER_NUMBER_OBJECT_CONVERSION = YES_AGGRESSIVE;
				CLANG_CXX_LANGUAGE_STANDARD = "gnu++14";
				CLANG_CXX_LIBRARY = "libc++";
				CLANG_ENABLE_MODULES = YES;
				CLANG_ENABLE_OBJC_ARC = YES;
				CLANG_ENABLE_OBJC_WEAK = YES;
				CLANG_WARN_BLOCK_CAPTURE_AUTORELEASING = YES;
				CLANG_WARN_BOOL_CONVERSION = YES;
				CLANG_WARN_COMMA = YES;
				CLANG_WARN_CONSTANT_CONVERSION = YES;
				CLANG_WARN_DEPRECATED_OBJC_IMPLEMENTATIONS = YES;
				CLANG_WARN_DIRECT_OBJC_ISA_USAGE = YES_ERROR;
				CLANG_WARN_DOCUMENTATION_COMMENTS = YES;
				CLANG_WARN_EMPTY_BODY = YES;
				CLANG_WARN_ENUM_CONVERSION = YES;
				CLANG_WARN_INFINITE_RECURSION = YES;
				CLANG_WARN_INT_CONVERSION = YES;
				CLANG_WARN_NON_LITERAL_NULL_CONVERSION = YES;
				CLANG_WARN_OBJC_IMPLICIT_RETAIN_SELF = YES;
				CLANG_WARN_OBJC_LITERAL_CONVERSION = YES;
				CLANG_WARN_OBJC_ROOT_CLASS = YES_ERROR;
				CLANG_WARN_QUOTED_INCLUDE_IN_FRAMEWORK_HEADER = YES;
				CLANG_WARN_RANGE_LOOP_ANALYSIS = YES;
				CLANG_WARN_STRICT_PROTOTYPES = YES;
				CLANG_WARN_SUSPICIOUS_MOVE = YES;
				CLANG_WARN_UNGUARDED_AVAILABILITY = YES_AGGRESSIVE;
				CLANG_WARN_UNREACHABLE_CODE = YES;
				CLANG_WARN__DUPLICATE_METHOD_MATCH = YES;
				COPY_PHASE_STRIP = NO;
				DEBUG_INFORMATION_FORMAT = dwarf;
				ENABLE_STRICT_OBJC_MSGSEND = YES;
				ENABLE_TESTABILITY = YES;
				GCC_C_LANGUAGE_STANDARD = gnu11;
				GCC_DYNAMIC_NO_PIC = NO;
				GCC_NO_COMMON_BLOCKS = YES;
				GCC_OPTIMIZATION_LEVEL = 0;
				GCC_PREPROCESSOR_DEFINITIONS = (
					"$(inherited)",
					"DEBUG=1",
				);
				GCC_WARN_64_TO_32_BIT_CONVERSION = YES;
				GCC_WARN_ABOUT_RETURN_TYPE = YES_ERROR;
				GCC_WARN_UNDECLARED_SELECTOR = YES;
				GCC_WARN_UNINITIALIZED_AUTOS = YES_AGGRESSIVE;
				GCC_WARN_UNUSED_FUNCTION = YES;
				GCC_WARN_UNUSED_VARIABLE = YES;
				MACOSX_DEPLOYMENT_TARGET = 14.0;
				MTL_ENABLE_DEBUG_INFO = INCLUDE_SOURCE;
				MTL_FAST_MATH = YES;
				ONLY_ACTIVE_ARCH = YES;
				PRODUCT_NAME = "$(TARGET_NAME)";
				SDKROOT = macosx;
				SWIFT_ACTIVE_COMPILATION_CONDITIONS = DEBUG;
				SWIFT_OPTIMIZATION_LEVEL = "-Onone";
				SWIFT_VERSION = 5.0;
			};
			name = Debug;
		};
		5DED6E2089486B0515181C7E /* Release */ = {
			isa = XCBuildConfiguration;
			buildSettings = {
				ALWAYS_SEARCH_USER_PATHS = NO;
				CLANG_ANALYZER_NONNULL = YES;
				CLANG_ANALYZER_NUMBER_OBJECT_CONVERSION = YES_AGGRESSIVE;
				CLANG_CXX_LANGUAGE_STANDARD = "gnu++14";
				CLANG_CXX_LIBRARY = "libc++";
				CLANG_ENABLE_MODULES = YES;
				CLANG_ENABLE_OBJC_ARC = YES;
				CLANG_ENABLE_OBJC_WEAK = YES;
				CLANG_WARN_BLOCK_CAPTURE_AUTORELEASING = YES;
				CLANG_WARN_BOOL_CONVERSION = YES;
				CLANG_WARN_COMMA = YES;
				CLANG_WARN_CONSTANT_CONVERSION = YES;
				CLANG_WARN_DEPRECATED_OBJC_IMPLEMENTATIONS = YES;
				CLANG_WARN_DIRECT_OBJC_ISA_USAGE = YES_ERROR;
				CLANG_WARN_DOCUMENTATION_COMMENTS = YES;
				CLANG_WARN_EMPTY_BODY = YES;
				CLANG_WARN_ENUM_CONVERSION = YES;
				CLANG_WARN_INFINITE_RECURSION = YES;
				CLANG_WARN_INT_CONVERSION = YES;
				CLANG_WARN_NON_LITERAL_NULL_CONVERSION = YES;
				CLANG_WARN_OBJC_IMPLICIT_RETAIN_SELF = YES;
				CLANG_WARN_OBJC_LITERAL_CONVERSION = YES;
				CLANG_WARN_OBJC_ROOT_CLASS = YES_ERROR;
				CLANG_WARN_QUOTED_INCLUDE_IN_FRAMEWORK_HEADER = YES;
				CLANG_WARN_RANGE_LOOP_ANALYSIS = YES;
				CLANG_WARN_STRICT_PROTOTYPES = YES;
				CLANG_WARN_SUSPICIOUS_MOVE = YES;
				CLANG_WARN_UNGUARDED_AVAILABILITY = YES_AGGRESSIVE;
				CLANG_WARN_UNREACHABLE_CODE = YES;
				CLANG_WARN__DUPLICATE_METHOD_MATCH = YES;
				COPY_PHASE_STRIP = NO;
				DEBUG_INFORMATION_FORMAT = "dwarf-with-dsym";
				ENABLE_NS_ASSERTIONS = NO;
				ENABLE_STRICT_OBJC_MSGSEND = YES;
				GCC_C_LANGUAGE_STANDARD = gnu11;
				GCC_NO_COMMON_BLOCKS = YES;
				GCC_WARN_64_TO_32_BIT_CONVERSION = YES;
				GCC_WARN_ABOUT_RETURN_TYPE = YES_ERROR;
				GCC_WARN_UNDECLARED_SELECTOR = YES;
				GCC_WARN_UNINITIALIZED_AUTOS = YES_AGGRESSIVE;
				GCC_WARN_UNUSED_FUNCTION = YES;
				GCC_WARN_UNUSED_VARIABLE = YES;
				MACOSX_DEPLOYMENT_TARGET = 14.0;
				MTL_ENABLE_DEBUG_INFO = NO;
				MTL_FAST_MATH = YES;
				PRODUCT_NAME = "$(TARGET_NAME)";
				SDKROOT = macosx;
				SWIFT_COMPILATION_MODE = wholemodule;
				SWIFT_OPTIMIZATION_LEVEL = "-O";
				SWIFT_VERSION = 5.0;
			};
			name = Release;
		};
		B085480731456588359041BE /* Debug */ = {
			isa = XCBuildConfiguration;
			buildSettings = {
				ASSETCATALOG_COMPILER_APPICON_NAME = AppIcon;
				CODE_SIGN_IDENTITY = "-";
				CODE_SIGN_STYLE = Automatic;
				COMBINE_HIDPI_IMAGES = YES;
				ENABLE_HARDENED_RUNTIME = NO;
				GENERATE_INFOPLIST_FILE = NO;
				INFOPLIST_FILE = PostureMalone/Info.plist;
				LD_RUNPATH_SEARCH_PATHS = (
					"$(inherited)",
					"@executable_path/../Frameworks",
				);
				PRODUCT_BUNDLE_IDENTIFIER = com.pratikaman.PostureMalone;
				PRODUCT_NAME = "Posture Malone";
				SDKROOT = macosx;
				SWIFT_VERSION = 5.0;
			};
			name = Debug;
		};
/* End XCBuildConfiguration section */

/* Begin XCConfigurationList section */
		14B3A9E46E14EB163DF3645E /* Build configuration list for PBXNativeTarget "PostureMalone" */ = {
			isa = XCConfigurationList;
			buildConfigurations = (
				B085480731456588359041BE /* Debug */,
				09EA0010460E3735E0693966 /* Release */,
			);
			defaultConfigurationIsVisible = 0;
			defaultConfigurationName = Debug;
		};
		F41F74706D2037B1E01DFAF2 /* Build configuration list for PBXProject "PostureMalone" */ = {
			isa = XCConfigurationList;
			buildConfigurations = (
				59ADF35242985E3839DDA76A /* Debug */,
				5DED6E2089486B0515181C7E /* Release */,
			);
			defaultConfigurationIsVisible = 0;
			defaultConfigurationName = Debug;
		};
/* End XCConfigurationList section */
	};
	rootObject = FF633C83D97EB98C102AC7A2 /* Project object */;
}
